// !$*UTF8*$!
{
	archiveVersion = 1;
	classes = {
	};
	objectVersion = 56;
	objects = {

/* Begin PBXBuildFile section */
		D3368BA92B9017670054FFDA /* OnlineOrderAppApp.swift in Sources */ = {isa = PBXBuildFile; fileRef = D3368BA82B9017670054FFDA /* OnlineOrderAppApp.swift */; };
		D3368BAB2B9017670054FFDA /* AppetizerTapView.swift in Sources */ = {isa = PBXBuildFile; fileRef = D3368BAA2B9017670054FFDA /* AppetizerTapView.swift */; };
		D3368BAD2B9017690054FFDA /* Assets.xcassets in Resources */ = {isa = PBXBuildFile; fileRef = D3368BAC2B9017690054FFDA /* Assets.xcassets */; };
		D3368BB02B9017690054FFDA /* Preview Assets.xcassets in Resources */ = {isa = PBXBuildFile; fileRef = D3368BAF2B9017690054FFDA /* Preview Assets.xcassets */; };
		D356F31F2B9E4393007918B2 /* NetworkManager.swift in Sources */ = {isa = PBXBuildFile; fileRef = D356F31E2B9E4393007918B2 /* NetworkManager.swift */; };
		D356F3212B9E4526007918B2 /* AppetizerError.swift in Sources */ = {isa = PBXBuildFile; fileRef = D356F3202B9E4526007918B2 /* AppetizerError.swift */; };
		D356F3232B9E6CA5007918B2 /* AppetizerListViewModel.swift in Sources */ = {isa = PBXBuildFile; fileRef = D356F3222B9E6CA5007918B2 /* AppetizerListViewModel.swift */; };
		D356F3252B9E6E7B007918B2 /* Alert.swift in Sources */ = {isa = PBXBuildFile; fileRef = D356F3242B9E6E7B007918B2 /* Alert.swift */; };
		D35F9DE52B965CE600CBCCDF /* AppetizerListView.swift in Sources */ = {isa = PBXBuildFile; fileRef = D35F9DE42B965CE600CBCCDF /* AppetizerListView.swift */; };
		D35F9DE72B965D0300CBCCDF /* AccountView.swift in Sources */ = {isa = PBXBuildFile; fileRef = D35F9DE62B965D0300CBCCDF /* AccountView.swift */; };
		D35F9DE92B965D0F00CBCCDF /* OrderView.swift in Sources */ = {isa = PBXBuildFile; fileRef = D35F9DE82B965D0F00CBCCDF /* OrderView.swift */; };
		D35F9DEB2B9663FD00CBCCDF /* Appetizer.swift in Sources */ = {isa = PBXBuildFile; fileRef = D35F9DEA2B9663FD00CBCCDF /* Appetizer.swift */; };
		D35F9DED2B96914400CBCCDF /* AppetizerListCell.swift in Sources */ = {isa = PBXBuildFile; fileRef = D35F9DEC2B96914400CBCCDF /* AppetizerListCell.swift */; };
		D39DAE4F2B9FAA9D00FD1179 /* LoadingView.swift in Sources */ = {isa = PBXBuildFile; fileRef = D39DAE4E2B9FAA9D00FD1179 /* LoadingView.swift */; };
		D39DAE512B9FAC2C00FD1179 /* Color+Ext.swift in Sources */ = {isa = PBXBuildFile; fileRef = D39DAE502B9FAC2C00FD1179 /* Color+Ext.swift */; };
		D3B830242BA0EBC100C1E362 /* RemoteImage.swift in Sources */ = {isa = PBXBuildFile; fileRef = D3B830232BA0EBC100C1E362 /* RemoteImage.swift */; };
		D3B830332BA0F3C400C1E362 /* AppetizerDetailView.swift in Sources */ = {isa = PBXBuildFile; fileRef = D3B830322BA0F3C400C1E362 /* AppetizerDetailView.swift */; };
		D3D366742BA5E3BB00FF0A03 /* AccountViewModel.swift in Sources */ = {isa = PBXBuildFile; fileRef = D3D366732BA5E3BB00FF0A03 /* AccountViewModel.swift */; };
		D3D366762BA5E54900FF0A03 /* String+Ext.swift in Sources */ = {isa = PBXBuildFile; fileRef = D3D366752BA5E54900FF0A03 /* String+Ext.swift */; };
		D3D366782BA5E9E300FF0A03 /* User.swift in Sources */ = {isa = PBXBuildFile; fileRef = D3D366772BA5E9E300FF0A03 /* User.swift */; };
		D3D3667B2BA5F92C00FF0A03 /* EmptyState.swift in Sources */ = {isa = PBXBuildFile; fileRef = D3D3667A2BA5F92C00FF0A03 /* EmptyState.swift */; };
		D3D3667D2BA5FCF500FF0A03 /* Order.swift in Sources */ = {isa = PBXBuildFile; fileRef = D3D3667C2BA5FCF500FF0A03 /* Order.swift */; };
/* End PBXBuildFile section */

/* Begin PBXFileReference section */
		D3368BA52B9017670054FFDA /* OnlineOrderApp.app */ = {isa = PBXFileReference; explicitFileType = wrapper.application; includeInIndex = 0; path = OnlineOrderApp.app; sourceTree = BUILT_PRODUCTS_DIR; };
		D3368BA82B9017670054FFDA /* OnlineOrderAppApp.swift */ = {isa = PBXFileReference; lastKnownFileType = sourcecode.swift; path = OnlineOrderAppApp.swift; sourceTree = "<group>"; };
		D3368BAA2B9017670054FFDA /* AppetizerTapView.swift */ = {isa = PBXFileReference; lastKnownFileType = sourcecode.swift; path = AppetizerTapView.swift; sourceTree = "<group>"; };
		D3368BAC2B9017690054FFDA /* Assets.xcassets */ = {isa = PBXFileReference; lastKnownFileType = folder.assetcatalog; path = Assets.xcassets; sourceTree = "<group>"; };
		D3368BAF2B9017690054FFDA /* Preview Assets.xcassets */ = {isa = PBXFileReference; lastKnownFileType = folder.assetcatalog; path = "Preview Assets.xcassets"; sourceTree = "<group>"; };
		D356F31E2B9E4393007918B2 /* NetworkManager.swift */ = {isa = PBXFileReference; lastKnownFileType = sourcecode.swift; path = NetworkManager.swift; sourceTree = "<group>"; };
		D356F3202B9E4526007918B2 /* AppetizerError.swift */ = {isa = PBXFileReference; lastKnownFileType = sourcecode.swift; path = AppetizerError.swift; sourceTree = "<group>"; };
		D356F3222B9E6CA5007918B2 /* AppetizerListViewModel.swift */ = {isa = PBXFileReference; lastKnownFileType = sourcecode.swift; path = AppetizerListViewModel.swift; sourceTree = "<group>"; };
		D356F3242B9E6E7B007918B2 /* Alert.swift */ = {isa = PBXFileReference; lastKnownFileType = sourcecode.swift; path = Alert.swift; sourceTree = "<group>"; };
		D35F9DE42B965CE600CBCCDF /* AppetizerListView.swift */ = {isa = PBXFileReference; lastKnownFileType = sourcecode.swift; path = AppetizerListView.swift; sourceTree = "<group>"; };
		D35F9DE62B965D0300CBCCDF /* AccountView.swift */ = {isa = PBXFileReference; lastKnownFileType = sourcecode.swift; path = AccountView.swift; sourceTree = "<group>"; };
		D35F9DE82B965D0F00CBCCDF /* OrderView.swift */ = {isa = PBXFileReference; lastKnownFileType = sourcecode.swift; path = OrderView.swift; sourceTree = "<group>"; };
		D35F9DEA2B9663FD00CBCCDF /* Appetizer.swift */ = {isa = PBXFileReference; lastKnownFileType = sourcecode.swift; path = Appetizer.swift; sourceTree = "<group>"; };
		D35F9DEC2B96914400CBCCDF /* AppetizerListCell.swift */ = {isa = PBXFileReference; lastKnownFileType = sourcecode.swift; path = AppetizerListCell.swift; sourceTree = "<group>"; };
		D39DAE4E2B9FAA9D00FD1179 /* LoadingView.swift */ = {isa = PBXFileReference; lastKnownFileType = sourcecode.swift; path = LoadingView.swift; sourceTree = "<group>"; };
		D39DAE502B9FAC2C00FD1179 /* Color+Ext.swift */ = {isa = PBXFileReference; lastKnownFileType = sourcecode.swift; path = "Color+Ext.swift"; sourceTree = "<group>"; };
		D3B830232BA0EBC100C1E362 /* RemoteImage.swift */ = {isa = PBXFileReference; lastKnownFileType = sourcecode.swift; path = RemoteImage.swift; sourceTree = "<group>"; };
		D3B830322BA0F3C400C1E362 /* AppetizerDetailView.swift */ = {isa = PBXFileReference; lastKnownFileType = sourcecode.swift; path = AppetizerDetailView.swift; sourceTree = "<group>"; };
		D3D366732BA5E3BB00FF0A03 /* AccountViewModel.swift */ = {isa = PBXFileReference; lastKnownFileType = sourcecode.swift; path = AccountViewModel.swift; sourceTree = "<group>"; };
		D3D366752BA5E54900FF0A03 /* String+Ext.swift */ = {isa = PBXFileReference; lastKnownFileType = sourcecode.swift; path = "String+Ext.swift"; sourceTree = "<group>"; };
		D3D366772BA5E9E300FF0A03 /* User.swift */ = {isa = PBXFileReference; lastKnownFileType = sourcecode.swift; path = User.swift; sourceTree = "<group>"; };
		D3D3667A2BA5F92C00FF0A03 /* EmptyState.swift */ = {isa = PBXFileReference; lastKnownFileType = sourcecode.swift; path = EmptyState.swift; sourceTree = "<group>"; };
		D3D3667C2BA5FCF500FF0A03 /* Order.swift */ = {isa = PBXFileReference; lastKnownFileType = sourcecode.swift; path = Order.swift; sourceTree = "<group>"; };
/* End PBXFileReference section */

/* Begin PBXFrameworksBuildPhase section */
		D3368BA22B9017670054FFDA /* Frameworks */ = {
			isa = PBXFrameworksBuildPhase;
			buildActionMask = 2147483647;
			files = (
			);
			runOnlyForDeploymentPostprocessing = 0;
		};
/* End PBXFrameworksBuildPhase section */

/* Begin PBXGroup section */
		D3368B9C2B9017670054FFDA = {
			isa = PBXGroup;
			children = (
				D3368BA72B9017670054FFDA /* OnlineOrderApp */,
				D3368BA62B9017670054FFDA /* Products */,
			);
			sourceTree = "<group>";
		};
		D3368BA62B9017670054FFDA /* Products */ = {
			isa = PBXGroup;
			children = (
				D3368BA52B9017670054FFDA /* OnlineOrderApp.app */,
			);
			name = Products;
			sourceTree = "<group>";
		};
		D3368BA72B9017670054FFDA /* OnlineOrderApp */ = {
			isa = PBXGroup;
			children = (
				D3B8302D2BA0F25100C1E362 /* Model */,
				D3B830292BA0F16400C1E362 /* Utilities */,
				D3B8302E2BA0F27000C1E362 /* Views */,
				D3B830252BA0F0ED00C1E362 /* Screens */,
				D3368BA82B9017670054FFDA /* OnlineOrderAppApp.swift */,
				D3368BAC2B9017690054FFDA /* Assets.xcassets */,
				D3368BAE2B9017690054FFDA /* Preview Content */,
			);
			path = OnlineOrderApp;
			sourceTree = "<group>";
		};
		D3368BAE2B9017690054FFDA /* Preview Content */ = {
			isa = PBXGroup;
			children = (
				D3368BAF2B9017690054FFDA /* Preview Assets.xcassets */,
			);
			path = "Preview Content";
			sourceTree = "<group>";
		};
		D3B830252BA0F0ED00C1E362 /* Screens */ = {
			isa = PBXGroup;
			children = (
				D3368BAA2B9017670054FFDA /* AppetizerTapView.swift */,
				D3B830262BA0F0FD00C1E362 /* AppetizerListView */,
				D3B830272BA0F11200C1E362 /* AccountView */,
				D3B830282BA0F11F00C1E362 /* OrderView */,
			);
			path = Screens;
			sourceTree = "<group>";
		};
		D3B830262BA0F0FD00C1E362 /* AppetizerListView */ = {
			isa = PBXGroup;
			children = (
				D35F9DE42B965CE600CBCCDF /* AppetizerListView.swift */,
				D356F3222B9E6CA5007918B2 /* AppetizerListViewModel.swift */,
				D3B830322BA0F3C400C1E362 /* AppetizerDetailView.swift */,
			);
			path = AppetizerListView;
			sourceTree = "<group>";
		};
		D3B830272BA0F11200C1E362 /* AccountView */ = {
			isa = PBXGroup;
			children = (
				D35F9DE62B965D0300CBCCDF /* AccountView.swift */,
				D3D366732BA5E3BB00FF0A03 /* AccountViewModel.swift */,
			);
			path = AccountView;
			sourceTree = "<group>";
		};
		D3B830282BA0F11F00C1E362 /* OrderView */ = {
			isa = PBXGroup;
			children = (
				D35F9DE82B965D0F00CBCCDF /* OrderView.swift */,
			);
			path = OrderView;
			sourceTree = "<group>";
		};
		D3B830292BA0F16400C1E362 /* Utilities */ = {
			isa = PBXGroup;
			children = (
				D3B8302C2BA0F1CD00C1E362 /* Alerts */,
				D3B8302A2BA0F18400C1E362 /* Extensions */,
				D3B8302B2BA0F1AB00C1E362 /* Managers */,
			);
			path = Utilities;
			sourceTree = "<group>";
		};
		D3B8302A2BA0F18400C1E362 /* Extensions */ = {
			isa = PBXGroup;
			children = (
				D39DAE502B9FAC2C00FD1179 /* Color+Ext.swift */,
				D3D366752BA5E54900FF0A03 /* String+Ext.swift */,
			);
			path = Extensions;
			sourceTree = "<group>";
		};
		D3B8302B2BA0F1AB00C1E362 /* Managers */ = {
			isa = PBXGroup;
			children = (
				D356F31E2B9E4393007918B2 /* NetworkManager.swift */,
			);
			path = Managers;
			sourceTree = "<group>";
		};
		D3B8302C2BA0F1CD00C1E362 /* Alerts */ = {
			isa = PBXGroup;
			children = (
				D356F3242B9E6E7B007918B2 /* Alert.swift */,
				D356F3202B9E4526007918B2 /* AppetizerError.swift */,
			);
			path = Alerts;
			sourceTree = "<group>";
		};
		D3B8302D2BA0F25100C1E362 /* Model */ = {
			isa = PBXGroup;
			children = (
				D35F9DEA2B9663FD00CBCCDF /* Appetizer.swift */,
				D3D366772BA5E9E300FF0A03 /* User.swift */,
				D3D3667C2BA5FCF500FF0A03 /* Order.swift */,
			);
			path = Model;
			sourceTree = "<group>";
		};
		D3B8302E2BA0F27000C1E362 /* Views */ = {
			isa = PBXGroup;
			children = (
				D3D366792BA5F90300FF0A03 /* Empty States */,
				D3B830302BA0F28600C1E362 /* Cells */,
				D3B830312BA0F28D00C1E362 /* Image */,
				D3B8302F2BA0F27900C1E362 /* UIKit Components */,
			);
			path = Views;
			sourceTree = "<group>";
		};
		D3B8302F2BA0F27900C1E362 /* UIKit Components */ = {
			isa = PBXGroup;
			children = (
				D39DAE4E2B9FAA9D00FD1179 /* LoadingView.swift */,
			);
			path = "UIKit Components";
			sourceTree = "<group>";
		};
		D3B830302BA0F28600C1E362 /* Cells */ = {
			isa = PBXGroup;
			children = (
				D35F9DEC2B96914400CBCCDF /* AppetizerListCell.swift */,
			);
			path = Cells;
			sourceTree = "<group>";
		};
		D3B830312BA0F28D00C1E362 /* Image */ = {
			isa = PBXGroup;
			children = (
				D3B830232BA0EBC100C1E362 /* RemoteImage.swift */,
			);
			path = Image;
			sourceTree = "<group>";
		};
		D3D366792BA5F90300FF0A03 /* Empty States */ = {
			isa = PBXGroup;
			children = (
				D3D3667A2BA5F92C00FF0A03 /* EmptyState.swift */,
			);
			path = "Empty States";
			sourceTree = "<group>";
		};
/* End PBXGroup section */

/* Begin PBXNativeTarget section */
		D3368BA42B9017670054FFDA /* OnlineOrderApp */ = {
			isa = PBXNativeTarget;
			buildConfigurationList = D3368BB32B9017690054FFDA /* Build configuration list for PBXNativeTarget "OnlineOrderApp" */;
			buildPhases = (
				D3368BA12B9017670054FFDA /* Sources */,
				D3368BA22B9017670054FFDA /* Frameworks */,
				D3368BA32B9017670054FFDA /* Resources */,
			);
			buildRules = (
			);
			dependencies = (
			);
			name = OnlineOrderApp;
			productName = OnlineOrderApp;
			productReference = D3368BA52B9017670054FFDA /* OnlineOrderApp.app */;
			productType = "com.apple.product-type.application";
		};
/* End PBXNativeTarget section */

/* Begin PBXProject section */
		D3368B9D2B9017670054FFDA /* Project object */ = {
			isa = PBXProject;
			attributes = {
				BuildIndependentTargetsInParallel = 1;
				LastSwiftUpdateCheck = 1520;
				LastUpgradeCheck = 1520;
				TargetAttributes = {
					D3368BA42B9017670054FFDA = {
						CreatedOnToolsVersion = 15.2;
					};
				};
			};
			buildConfigurationList = D3368BA02B9017670054FFDA /* Build configuration list for PBXProject "OnlineOrderApp" */;
			compatibilityVersion = "Xcode 14.0";
			developmentRegion = en;
			hasScannedForEncodings = 0;
			knownRegions = (
				en,
				Base,
			);
			mainGroup = D3368B9C2B9017670054FFDA;
			productRefGroup = D3368BA62B9017670054FFDA /* Products */;
			projectDirPath = "";
			projectRoot = "";
			targets = (
				D3368BA42B9017670054FFDA /* OnlineOrderApp */,
			);
		};
/* End PBXProject section */

/* Begin PBXResourcesBuildPhase section */
		D3368BA32B9017670054FFDA /* Resources */ = {
			isa = PBXResourcesBuildPhase;
			buildActionMask = 2147483647;
			files = (
				D3368BB02B9017690054FFDA /* Preview Assets.xcassets in Resources */,
				D3368BAD2B9017690054FFDA /* Assets.xcassets in Resources */,
			);
			runOnlyForDeploymentPostprocessing = 0;
		};
/* End PBXResourcesBuildPhase section */

/* Begin PBXSourcesBuildPhase section */
		D3368BA12B9017670054FFDA /* Sources */ = {
			isa = PBXSourcesBuildPhase;
			buildActionMask = 2147483647;
			files = (
				D35F9DEB2B9663FD00CBCCDF /* Appetizer.swift in Sources */,
				D35F9DED2B96914400CBCCDF /* AppetizerListCell.swift in Sources */,
				D3D3667D2BA5FCF500FF0A03 /* Order.swift in Sources */,
				D35F9DE72B965D0300CBCCDF /* AccountView.swift in Sources */,
				D3D366762BA5E54900FF0A03 /* String+Ext.swift in Sources */,
				D356F3232B9E6CA5007918B2 /* AppetizerListViewModel.swift in Sources */,
				D39DAE512B9FAC2C00FD1179 /* Color+Ext.swift in Sources */,
				D35F9DE52B965CE600CBCCDF /* AppetizerListView.swift in Sources */,
				D39DAE4F2B9FAA9D00FD1179 /* LoadingView.swift in Sources */,
				D356F31F2B9E4393007918B2 /* NetworkManager.swift in Sources */,
				D3368BAB2B9017670054FFDA /* AppetizerTapView.swift in Sources */,
				D3B830242BA0EBC100C1E362 /* RemoteImage.swift in Sources */,
				D3D366742BA5E3BB00FF0A03 /* AccountViewModel.swift in Sources */,
				D356F3212B9E4526007918B2 /* AppetizerError.swift in Sources */,
				D356F3252B9E6E7B007918B2 /* Alert.swift in Sources */,
				D3D3667B2BA5F92C00FF0A03 /* EmptyState.swift in Sources */,
				D3D366782BA5E9E300FF0A03 /* User.swift in Sources */,
				D3368BA92B9017670054FFDA /* OnlineOrderAppApp.swift in Sources */,
				D3B830332BA0F3C400C1E362 /* AppetizerDetailView.swift in Sources */,
				D35F9DE92B965D0F00CBCCDF /* OrderView.swift in Sources */,
			);
			runOnlyForDeploymentPostprocessing = 0;
		};
/* End PBXSourcesBuildPhase section */

/* Begin XCBuildConfiguration section */
		D3368BB12B9017690054FFDA /* Debug */ = {
			isa = XCBuildConfiguration;
			buildSettings = {
				ALWAYS_SEARCH_USER_PATHS = NO;
				ASSETCATALOG_COMPILER_GENERATE_SWIFT_ASSET_SYMBOL_EXTENSIONS = YES;
				CLANG_ANALYZER_NONNULL = YES;
				CLANG_ANALYZER_NUMBER_OBJECT_CONVERSION = YES_AGGRESSIVE;
				CLANG_CXX_LANGUAGE_STANDARD = "gnu++20";
				CLANG_ENABLE_MODULES = YES;
				CLANG_ENABLE_OBJC_ARC = YES;
				CLANG_ENABLE_OBJC_WEAK = YES;
				CLANG_WARN_BLOCK_CAPTURE_AUTORELEASING = YES;
				CLANG_WARN_BOOL_CONVERSION = YES;
				CLANG_WARN_COMMA = YES;
				CLANG_WARN_CONSTANT_CONVERSION = YES;
				CLANG_WARN_DEPRECATED_OBJC_IMPLEMENTATIONS = YES;
				CLANG_WARN_DIRECT_OBJC_ISA_USAGE = YES_ERROR;
				CLANG_WARN_DOCUMENTATION_COMMENTS = YES;
				CLANG_WARN_EMPTY_BODY = YES;
				CLANG_WARN_ENUM_CONVERSION = YES;
				CLANG_WARN_INFINITE_RECURSION = YES;
				CLANG_WARN_INT_CONVERSION = YES;
				CLANG_WARN_NON_LITERAL_NULL_CONVERSION = YES;
				CLANG_WARN_OBJC_IMPLICIT_RETAIN_SELF = YES;
				CLANG_WARN_OBJC_LITERAL_CONVERSION = YES;
				CLANG_WARN_OBJC_ROOT_CLASS = YES_ERROR;
				CLANG_WARN_QUOTED_INCLUDE_IN_FRAMEWORK_HEADER = YES;
				CLANG_WARN_RANGE_LOOP_ANALYSIS = YES;
				CLANG_WARN_STRICT_PROTOTYPES = YES;
				CLANG_WARN_SUSPICIOUS_MOVE = YES;
				CLANG_WARN_UNGUARDED_AVAILABILITY = YES_AGGRESSIVE;
				CLANG_WARN_UNREACHABLE_CODE = YES;
				CLANG_WARN__DUPLICATE_METHOD_MATCH = YES;
				COPY_PHASE_STRIP = NO;
				DEBUG_INFORMATION_FORMAT = dwarf;
				ENABLE_STRICT_OBJC_MSGSEND = YES;
				ENABLE_TESTABILITY = YES;
				ENABLE_USER_SCRIPT_SANDBOXING = YES;
				GCC_C_LANGUAGE_STANDARD = gnu17;
				GCC_DYNAMIC_NO_PIC = NO;
				GCC_NO_COMMON_BLOCKS = YES;
				GCC_OPTIMIZATION_LEVEL = 0;
				GCC_PREPROCESSOR_DEFINITIONS = (
					"DEBUG=1",
					"$(inherited)",
				);
				GCC_WARN_64_TO_32_BIT_CONVERSION = YES;
				GCC_WARN_ABOUT_RETURN_TYPE = YES_ERROR;
				GCC_WARN_UNDECLARED_SELECTOR = YES;
				GCC_WARN_UNINITIALIZED_AUTOS = YES_AGGRESSIVE;
				GCC_WARN_UNUSED_FUNCTION = YES;
				GCC_WARN_UNUSED_VARIABLE = YES;
				IPHONEOS_DEPLOYMENT_TARGET = 17.2;
				LOCALIZATION_PREFERS_STRING_CATALOGS = YES;
				MTL_ENABLE_DEBUG_INFO = INCLUDE_SOURCE;
				MTL_FAST_MATH = YES;
				ONLY_ACTIVE_ARCH = YES;
				SDKROOT = iphoneos;
				SWIFT_ACTIVE_COMPILATION_CONDITIONS = "DEBUG $(inherited)";
				SWIFT_OPTIMIZATION_LEVEL = "-Onone";
			};
			name = Debug;
		};
		D3368BB22B9017690054FFDA /* Release */ = {
			isa = XCBuildConfiguration;
			buildSettings = {
				ALWAYS_SEARCH_USER_PATHS = NO;
				ASSETCATALOG_COMPILER_GENERATE_SWIFT_ASSET_SYMBOL_EXTENSIONS = YES;
				CLANG_ANALYZER_NONNULL = YES;
				CLANG_ANALYZER_NUMBER_OBJECT_CONVERSION = YES_AGGRESSIVE;
				CLANG_CXX_LANGUAGE_STANDARD = "gnu++20";
				CLANG_ENABLE_MODULES = YES;
				CLANG_ENABLE_OBJC_ARC = YES;
				CLANG_ENABLE_OBJC_WEAK = YES;
				CLANG_WARN_BLOCK_CAPTURE_AUTORELEASING = YES;
				CLANG_WARN_BOOL_CONVERSION = YES;
				CLANG_WARN_COMMA = YES;
				CLANG_WARN_CONSTANT_CONVERSION = YES;
				CLANG_WARN_DEPRECATED_OBJC_IMPLEMENTATIONS = YES;
				CLANG_WARN_DIRECT_OBJC_ISA_USAGE = YES_ERROR;
				CLANG_WARN_DOCUMENTATION_COMMENTS = YES;
				CLANG_WARN_EMPTY_BODY = YES;
				CLANG_WARN_ENUM_CONVERSION = YES;
				CLANG_WARN_INFINITE_RECURSION = YES;
				CLANG_WARN_INT_CONVERSION = YES;
				CLANG_WARN_NON_LITERAL_NULL_CONVERSION = YES;
				CLANG_WARN_OBJC_IMPLICIT_RETAIN_SELF = YES;
				CLANG_WARN_OBJC_LITERAL_CONVERSION = YES;
				CLANG_WARN_OBJC_ROOT_CLASS = YES_ERROR;
				CLANG_WARN_QUOTED_INCLUDE_IN_FRAMEWORK_HEADER = YES;
				CLANG_WARN_RANGE_LOOP_ANALYSIS = YES;
				CLANG_WARN_STRICT_PROTOTYPES = YES;
				CLANG_WARN_SUSPICIOUS_MOVE = YES;
				CLANG_WARN_UNGUARDED_AVAILABILITY = YES_AGGRESSIVE;
				CLANG_WARN_UNREACHABLE_CODE = YES;
				CLANG_WARN__DUPLICATE_METHOD_MATCH = YES;
				COPY_PHASE_STRIP = NO;
				DEBUG_INFORMATION_FORMAT = "dwarf-with-dsym";
				ENABLE_NS_ASSERTIONS = NO;
				ENABLE_STRICT_OBJC_MSGSEND = YES;
				ENABLE_USER_SCRIPT_SANDBOXING = YES;
				GCC_C_LANGUAGE_STANDARD = gnu17;
				GCC_NO_COMMON_BLOCKS = YES;
				GCC_WARN_64_TO_32_BIT_CONVERSION = YES;
				GCC_WARN_ABOUT_RETURN_TYPE = YES_ERROR;
				GCC_WARN_UNDECLARED_SELECTOR = YES;
				GCC_WARN_UNINITIALIZED_AUTOS = YES_AGGRESSIVE;
				GCC_WARN_UNUSED_FUNCTION = YES;
				GCC_WARN_UNUSED_VARIABLE = YES;
				IPHONEOS_DEPLOYMENT_TARGET = 17.2;
				LOCALIZATION_PREFERS_STRING_CATALOGS = YES;
				MTL_ENABLE_DEBUG_INFO = NO;
				MTL_FAST_MATH = YES;
				SDKROOT = iphoneos;
				SWIFT_COMPILATION_MODE = wholemodule;
				VALIDATE_PRODUCT = YES;
			};
			name = Release;
		};
		D3368BB42B9017690054FFDA /* Debug */ = {
			isa = XCBuildConfiguration;
			buildSettings = {
				ASSETCATALOG_COMPILER_APPICON_NAME = AppIcon;
				ASSETCATALOG_COMPILER_GLOBAL_ACCENT_COLOR_NAME = AccentColor;
				CODE_SIGN_STYLE = Automatic;
				CURRENT_PROJECT_VERSION = 1;
				DEVELOPMENT_ASSET_PATHS = "\"OnlineOrderApp/Preview Content\"";
				ENABLE_PREVIEWS = YES;
				GENERATE_INFOPLIST_FILE = YES;
				INFOPLIST_KEY_UIApplicationSceneManifest_Generation = YES;
				INFOPLIST_KEY_UIApplicationSupportsIndirectInputEvents = YES;
				INFOPLIST_KEY_UILaunchScreen_Generation = YES;
				INFOPLIST_KEY_UISupportedInterfaceOrientations_iPad = "UIInterfaceOrientationPortrait UIInterfaceOrientationPortraitUpsideDown UIInterfaceOrientationLandscapeLeft UIInterfaceOrientationLandscapeRight";
				INFOPLIST_KEY_UISupportedInterfaceOrientations_iPhone = "UIInterfaceOrientationPortrait UIInterfaceOrientationLandscapeLeft UIInterfaceOrientationLandscapeRight";
				LD_RUNPATH_SEARCH_PATHS = (
					"$(inherited)",
					"@executable_path/Frameworks",
				);
				MARKETING_VERSION = 1.0;
				PRODUCT_BUNDLE_IDENTIFIER = emreyilmaz.OnlineOrderApp;
				PRODUCT_NAME = "$(TARGET_NAME)";
				SWIFT_EMIT_LOC_STRINGS = YES;
				SWIFT_VERSION = 5.0;
				TARGETED_DEVICE_FAMILY = "1,2";
			};
			name = Debug;
		};
		D3368BB52B9017690054FFDA /* Release */ = {
			isa = XCBuildConfiguration;
			buildSettings = {
				ASSETCATALOG_COMPILER_APPICON_NAME = AppIcon;
				ASSETCATALOG_COMPILER_GLOBAL_ACCENT_COLOR_NAME = AccentColor;
				CODE_SIGN_STYLE = Automatic;
				CURRENT_PROJECT_VERSION = 1;
				DEVELOPMENT_ASSET_PATHS = "\"OnlineOrderApp/Preview Content\"";
				ENABLE_PREVIEWS = YES;
				GENERATE_INFOPLIST_FILE = YES;
				INFOPLIST_KEY_UIApplicationSceneManifest_Generation = YES;
				INFOPLIST_KEY_UIApplicationSupportsIndirectInputEvents = YES;
				INFOPLIST_KEY_UILaunchScreen_Generation = YES;
				INFOPLIST_KEY_UISupportedInterfaceOrientations_iPad = "UIInterfaceOrientationPortrait UIInterfaceOrientationPortraitUpsideDown UIInterfaceOrientationLandscapeLeft UIInterfaceOrientationLandscapeRight";
				INFOPLIST_KEY_UISupportedInterfaceOrientations_iPhone = "UIInterfaceOrientationPortrait UIInterfaceOrientationLandscapeLeft UIInterfaceOrientationLandscapeRight";
				LD_RUNPATH_SEARCH_PATHS = (
					"$(inherited)",
					"@executable_path/Frameworks",
				);
				MARKETING_VERSION = 1.0;
				PRODUCT_BUNDLE_IDENTIFIER = emreyilmaz.OnlineOrderApp;
				PRODUCT_NAME = "$(TARGET_NAME)";
				SWIFT_EMIT_LOC_STRINGS = YES;
				SWIFT_VERSION = 5.0;
				TARGETED_DEVICE_FAMILY = "1,2";
			};
			name = Release;
		};
/* End XCBuildConfiguration section */

/* Begin XCConfigurationList section */
		D3368BA02B9017670054FFDA /* Build configuration list for PBXProject "OnlineOrderApp" */ = {
			isa = XCConfigurationList;
			buildConfigurations = (
				D3368BB12B9017690054FFDA /* Debug */,
				D3368BB22B9017690054FFDA /* Release */,
			);
			defaultConfigurationIsVisible = 0;
			defaultConfigurationName = Release;
		};
		D3368BB32B9017690054FFDA /* Build configuration list for PBXNativeTarget "OnlineOrderApp" */ = {
			isa = XCConfigurationList;
			buildConfigurations = (
				D3368BB42B9017690054FFDA /* Debug */,
				D3368BB52B9017690054FFDA /* Release */,
			);
			defaultConfigurationIsVisible = 0;
			defaultConfigurationName = Release;
		};
/* End XCConfigurationList section */
	};
	rootObject = D3368B9D2B9017670054FFDA /* Project object */;
}
